
Microsoft Visual Studio Solution File, Format Version 12.00
# Visual Studio 2013
VisualStudioVersion = 12.0.40629.0
MinimumVisualStudioVersion = 10.0.40219.1
Project("{FAE04EC0-301F-11D3-BF4B-00C04F79EFBC}") = "cifraDeCesar", "cifraDeCesar\cifraDeCesar.csproj", "{32CCE9A6-497E-40BC-A515-B47FCBA26CCC}"
EndProject
Global
	GlobalSection(SolutionConfigurationPlatforms) = preSolution
		Debug|Any CPU = Debug|Any CPU
		Release|Any CPU = Release|Any CPU
	EndGlobalSection
	GlobalSection(ProjectConfigurationPlatforms) = postSolution
		{32CCE9A6-497E-40BC-A515-B47FCBA26CCC}.Debug|Any CPU.ActiveCfg = Debug|Any CPU
		{32CCE9A6-497E-40BC-A515-B47FCBA26CCC}.Debug|Any CPU.Build.0 = Debug|Any CPU
		{32CCE9A6-497E-40BC-A515-B47FCBA26CCC}.Release|Any CPU.ActiveCfg = Release|Any CPU
		{32CCE9A6-497E-40BC-A515-B47FCBA26CCC}.Release|Any CPU.Build.0 = Release|Any CPU
	EndGlobalSection
	GlobalSection(SolutionProperties) = preSolution
		HideSolutionNode = FALSE
	EndGlobalSection
EndGlobal
